
Microsoft Visual Studio Solution File, Format Version 11.00
# Visual Studio 2010
Project("{FAE04EC0-301F-11D3-BF4B-00C04F79EFBC}") = "Assembly-CSharp", "Assembly-CSharp.csproj", "{BAFE2F4C-1E6F-4588-E507-75D0FEC9034C}"
EndProject
Project("{FAE04EC0-301F-11D3-BF4B-00C04F79EFBC}") = "Assembly-CSharp-firstpass", "Assembly-CSharp-firstpass.csproj", "{02D9CA2B-EF69-9367-093A-B9C43643C23F}"
EndProject
Project("{FAE04EC0-301F-11D3-BF4B-00C04F79EFBC}") = "Assembly-CSharp-Editor", "Assembly-CSharp-Editor.csproj", "{BCF61F84-4955-9673-257A-D081F2C0500B}"
EndProject
Global
	GlobalSection(SolutionConfigurationPlatforms) = preSolution
		Debug|Any CPU = Debug|Any CPU
		Release|Any CPU = Release|Any CPU
	EndGlobalSection
	GlobalSection(ProjectConfigurationPlatforms) = postSolution
		{BAFE2F4C-1E6F-4588-E507-75D0FEC9034C}.Debug|Any CPU.ActiveCfg = Debug|Any CPU
		{BAFE2F4C-1E6F-4588-E507-75D0FEC9034C}.Debug|Any CPU.Build.0 = Debug|Any CPU
		{BAFE2F4C-1E6F-4588-E507-75D0FEC9034C}.Release|Any CPU.ActiveCfg = Release|Any CPU
		{BAFE2F4C-1E6F-4588-E507-75D0FEC9034C}.Release|Any CPU.Build.0 = Release|Any CPU
		{02D9CA2B-EF69-9367-093A-B9C43643C23F}.Debug|Any CPU.ActiveCfg = Debug|Any CPU
		{02D9CA2B-EF69-9367-093A-B9C43643C23F}.Debug|Any CPU.Build.0 = Debug|Any CPU
		{02D9CA2B-EF69-9367-093A-B9C43643C23F}.Release|Any CPU.ActiveCfg = Release|Any CPU
		{02D9CA2B-EF69-9367-093A-B9C43643C23F}.Release|Any CPU.Build.0 = Release|Any CPU
		{BCF61F84-4955-9673-257A-D081F2C0500B}.Debug|Any CPU.ActiveCfg = Debug|Any CPU
		{BCF61F84-4955-9673-257A-D081F2C0500B}.Debug|Any CPU.Build.0 = Debug|Any CPU
		{BCF61F84-4955-9673-257A-D081F2C0500B}.Release|Any CPU.ActiveCfg = Release|Any CPU
		{BCF61F84-4955-9673-257A-D081F2C0500B}.Release|Any CPU.Build.0 = Release|Any CPU
	EndGlobalSection
	GlobalSection(SolutionProperties) = preSolution
		HideSolutionNode = FALSE
	EndGlobalSection
EndGlobal
